
Microsoft Visual Studio Solution File, Format Version 12.00
# Visual Studio Version 17
VisualStudioVersion = 17.8.34330.188
MinimumVisualStudioVersion = 10.0.40219.1
Project("{9A19103F-16F7-4668-BE54-9A1E7A4F7556}") = "RabbitMQ.Publisher", "RabbitMQ.Publisher\RabbitMQ.Publisher.csproj", "{C967DCBB-6D34-459D-BF94-CF185065A84B}"
EndProject
Project("{9A19103F-16F7-4668-BE54-9A1E7A4F7556}") = "RabbitMQ.Consumer", "RabbitMQ.Consumer\RabbitMQ.Consumer.csproj", "{FA4DC6FA-FCAB-41B3-868F-07B5E1499735}"
EndProject
Project("{9A19103F-16F7-4668-BE54-9A1E7A4F7556}") = "RabbitMQ.Direct.Exchange.Publisher", "RabbitMQ.Direct.Exchange.Publisher\RabbitMQ.Direct.Exchange.Publisher.csproj", "{2B91DFC9-8F28-47D8-8496-C78BDAEC8E6A}"
EndProject
Project("{9A19103F-16F7-4668-BE54-9A1E7A4F7556}") = "RabbitMQ.Direct.Exchange.Consumer", "RabbitMQ.Direct.Exchange.Consumer\RabbitMQ.Direct.Exchange.Consumer.csproj", "{0EA647DA-4F7E-4F6B-A95D-B416D5548D1D}"
EndProject
Project("{9A19103F-16F7-4668-BE54-9A1E7A4F7556}") = "RabbitMQ.Fanout.Exchange.Publisher", "RabbitMQ.Fanout.Exchange.Publisher\RabbitMQ.Fanout.Exchange.Publisher.csproj", "{DFE7282A-550C-4DFB-A23C-EE26E3D32BAB}"
EndProject
Project("{9A19103F-16F7-4668-BE54-9A1E7A4F7556}") = "RabbitMQ.Fanout.Exchange.Consumer", "RabbitMQ.Fanout.Exchange.Consumer\RabbitMQ.Fanout.Exchange.Consumer.csproj", "{5724FBC7-2F71-4D2A-8039-01AEEA6E11BF}"
EndProject
Project("{FAE04EC0-301F-11D3-BF4B-00C04F79EFBC}") = "RabbitMQ.Topic.Exchange.Publisher", "RabbitMQ.Topic.Exchange.Publisher\RabbitMQ.Topic.Exchange.Publisher.csproj", "{F3F3F5A7-E443-45CC-9BF2-0B3FCF816EA3}"
EndProject
Project("{FAE04EC0-301F-11D3-BF4B-00C04F79EFBC}") = "RabbitMQ.Topic.Exchange.Consumer", "RabbitMQ.Topic.Exchange.Consumer\RabbitMQ.Topic.Exchange.Consumer.csproj", "{052546B1-9154-477E-A264-F0858C7CE953}"
EndProject
Project("{FAE04EC0-301F-11D3-BF4B-00C04F79EFBC}") = "RabbitMQ.Header.Exchange.Consumer", "RabbitMQ.Header.Exchange.Consumer\RabbitMQ.Header.Exchange.Consumer.csproj", "{AB8591DF-B6B3-4520-9BC0-C8C5AD0B33C0}"
EndProject
Project("{FAE04EC0-301F-11D3-BF4B-00C04F79EFBC}") = "RabbitMQ.Header.Exchange.Publisher", "RabbitMQ.Header.Exchange.Publisher\RabbitMQ.Header.Exchange.Publisher.csproj", "{57827FE1-0E3C-4E31-8E4E-FB8D518F3474}"
EndProject
Global
	GlobalSection(SolutionConfigurationPlatforms) = preSolution
		Debug|Any CPU = Debug|Any CPU
		Release|Any CPU = Release|Any CPU
	EndGlobalSection
	GlobalSection(ProjectConfigurationPlatforms) = postSolution
		{C967DCBB-6D34-459D-BF94-CF185065A84B}.Debug|Any CPU.ActiveCfg = Debug|Any CPU
		{C967DCBB-6D34-459D-BF94-CF185065A84B}.Debug|Any CPU.Build.0 = Debug|Any CPU
		{C967DCBB-6D34-459D-BF94-CF185065A84B}.Release|Any CPU.ActiveCfg = Release|Any CPU
		{C967DCBB-6D34-459D-BF94-CF185065A84B}.Release|Any CPU.Build.0 = Release|Any CPU
		{FA4DC6FA-FCAB-41B3-868F-07B5E1499735}.Debug|Any CPU.ActiveCfg = Debug|Any CPU
		{FA4DC6FA-FCAB-41B3-868F-07B5E1499735}.Debug|Any CPU.Build.0 = Debug|Any CPU
		{FA4DC6FA-FCAB-41B3-868F-07B5E1499735}.Release|Any CPU.ActiveCfg = Release|Any CPU
		{FA4DC6FA-FCAB-41B3-868F-07B5E1499735}.Release|Any CPU.Build.0 = Release|Any CPU
		{2B91DFC9-8F28-47D8-8496-C78BDAEC8E6A}.Debug|Any CPU.ActiveCfg = Debug|Any CPU
		{2B91DFC9-8F28-47D8-8496-C78BDAEC8E6A}.Debug|Any CPU.Build.0 = Debug|Any CPU
		{2B91DFC9-8F28-47D8-8496-C78BDAEC8E6A}.Release|Any CPU.ActiveCfg = Release|Any CPU
		{2B91DFC9-8F28-47D8-8496-C78BDAEC8E6A}.Release|Any CPU.Build.0 = Release|Any CPU
		{0EA647DA-4F7E-4F6B-A95D-B416D5548D1D}.Debug|Any CPU.ActiveCfg = Debug|Any CPU
		{0EA647DA-4F7E-4F6B-A95D-B416D5548D1D}.Debug|Any CPU.Build.0 = Debug|Any CPU
		{0EA647DA-4F7E-4F6B-A95D-B416D5548D1D}.Release|Any CPU.ActiveCfg = Release|Any CPU
		{0EA647DA-4F7E-4F6B-A95D-B416D5548D1D}.Release|Any CPU.Build.0 = Release|Any CPU
		{DFE7282A-550C-4DFB-A23C-EE26E3D32BAB}.Debug|Any CPU.ActiveCfg = Debug|Any CPU
		{DFE7282A-550C-4DFB-A23C-EE26E3D32BAB}.Debug|Any CPU.Build.0 = Debug|Any CPU
		{DFE7282A-550C-4DFB-A23C-EE26E3D32BAB}.Release|Any CPU.ActiveCfg = Release|Any CPU
		{DFE7282A-550C-4DFB-A23C-EE26E3D32BAB}.Release|Any CPU.Build.0 = Release|Any CPU
		{5724FBC7-2F71-4D2A-8039-01AEEA6E11BF}.Debug|Any CPU.ActiveCfg = Debug|Any CPU
		{5724FBC7-2F71-4D2A-8039-01AEEA6E11BF}.Debug|Any CPU.Build.0 = Debug|Any CPU
		{5724FBC7-2F71-4D2A-8039-01AEEA6E11BF}.Release|Any CPU.ActiveCfg = Release|Any CPU
		{5724FBC7-2F71-4D2A-8039-01AEEA6E11BF}.Release|Any CPU.Build.0 = Release|Any CPU
		{F3F3F5A7-E443-45CC-9BF2-0B3FCF816EA3}.Debug|Any CPU.ActiveCfg = Debug|Any CPU
		{F3F3F5A7-E443-45CC-9BF2-0B3FCF816EA3}.Debug|Any CPU.Build.0 = Debug|Any CPU
		{F3F3F5A7-E443-45CC-9BF2-0B3FCF816EA3}.Release|Any CPU.ActiveCfg = Release|Any CPU
		{F3F3F5A7-E443-45CC-9BF2-0B3FCF816EA3}.Release|Any CPU.Build.0 = Release|Any CPU
		{052546B1-9154-477E-A264-F0858C7CE953}.Debug|Any CPU.ActiveCfg = Debug|Any CPU
		{052546B1-9154-477E-A264-F0858C7CE953}.Debug|Any CPU.Build.0 = Debug|Any CPU
		{052546B1-9154-477E-A264-F0858C7CE953}.Release|Any CPU.ActiveCfg = Release|Any CPU
		{052546B1-9154-477E-A264-F0858C7CE953}.Release|Any CPU.Build.0 = Release|Any CPU
		{AB8591DF-B6B3-4520-9BC0-C8C5AD0B33C0}.Debug|Any CPU.ActiveCfg = Debug|Any CPU
		{AB8591DF-B6B3-4520-9BC0-C8C5AD0B33C0}.Debug|Any CPU.Build.0 = Debug|Any CPU
		{AB8591DF-B6B3-4520-9BC0-C8C5AD0B33C0}.Release|Any CPU.ActiveCfg = Release|Any CPU
		{AB8591DF-B6B3-4520-9BC0-C8C5AD0B33C0}.Release|Any CPU.Build.0 = Release|Any CPU
		{57827FE1-0E3C-4E31-8E4E-FB8D518F3474}.Debug|Any CPU.ActiveCfg = Debug|Any CPU
		{57827FE1-0E3C-4E31-8E4E-FB8D518F3474}.Debug|Any CPU.Build.0 = Debug|Any CPU
		{57827FE1-0E3C-4E31-8E4E-FB8D518F3474}.Release|Any CPU.ActiveCfg = Release|Any CPU
		{57827FE1-0E3C-4E31-8E4E-FB8D518F3474}.Release|Any CPU.Build.0 = Release|Any CPU
	EndGlobalSection
	GlobalSection(SolutionProperties) = preSolution
		HideSolutionNode = FALSE
	EndGlobalSection
	GlobalSection(ExtensibilityGlobals) = postSolution
		SolutionGuid = {D275C84E-5BA4-472A-A16A-B0F681ECC4DF}
	EndGlobalSection
EndGlobal
